
Microsoft Visual Studio Solution File, Format Version 12.00
# Visual Studio 15
VisualStudioVersion = 15.0.28307.779
MinimumVisualStudioVersion = 10.0.40219.1
Project("{FAE04EC0-301F-11D3-BF4B-00C04F79EFBC}") = "WpfSNIOcdesToXML", "WpfSNIOcdesToXML\WpfSNIOcdesToXML.csproj", "{DD89F9F4-86D2-4174-AF89-282A92C3D0F9}"
EndProject
Project("{FAE04EC0-301F-11D3-BF4B-00C04F79EFBC}") = "XUnitTestNisCodes", "XUnitTestNisCodes\XUnitTestNisCodes.csproj", "{AF268BF7-10FD-4F9A-A79B-5EE32873EC23}"
EndProject
Global
	GlobalSection(SolutionConfigurationPlatforms) = preSolution
		Debug|Any CPU = Debug|Any CPU
		Release|Any CPU = Release|Any CPU
	EndGlobalSection
	GlobalSection(ProjectConfigurationPlatforms) = postSolution
		{DD89F9F4-86D2-4174-AF89-282A92C3D0F9}.Debug|Any CPU.ActiveCfg = Debug|Any CPU
		{DD89F9F4-86D2-4174-AF89-282A92C3D0F9}.Debug|Any CPU.Build.0 = Debug|Any CPU
		{DD89F9F4-86D2-4174-AF89-282A92C3D0F9}.Release|Any CPU.ActiveCfg = Release|Any CPU
		{DD89F9F4-86D2-4174-AF89-282A92C3D0F9}.Release|Any CPU.Build.0 = Release|Any CPU
		{AF268BF7-10FD-4F9A-A79B-5EE32873EC23}.Debug|Any CPU.ActiveCfg = Debug|Any CPU
		{AF268BF7-10FD-4F9A-A79B-5EE32873EC23}.Debug|Any CPU.Build.0 = Debug|Any CPU
		{AF268BF7-10FD-4F9A-A79B-5EE32873EC23}.Release|Any CPU.ActiveCfg = Release|Any CPU
		{AF268BF7-10FD-4F9A-A79B-5EE32873EC23}.Release|Any CPU.Build.0 = Release|Any CPU
	EndGlobalSection
	GlobalSection(SolutionProperties) = preSolution
		HideSolutionNode = FALSE
	EndGlobalSection
	GlobalSection(ExtensibilityGlobals) = postSolution
		SolutionGuid = {F75BFCC3-3A18-4F75-9379-0FC3C658BB03}
	EndGlobalSection
EndGlobal
